
Microsoft Visual Studio Solution File, Format Version 12.00
# Visual Studio Version 17
VisualStudioVersion = 17.8.34330.188
MinimumVisualStudioVersion = 10.0.40219.1
Project("{9A19103F-16F7-4668-BE54-9A1E7A4F7556}") = "PRN221_Project_02", "PRN221_Project_02.csproj", "{08893FB6-2F73-45F9-A927-A14C43298E01}"
EndProject
Global
	GlobalSection(SolutionConfigurationPlatforms) = preSolution
		Debug|Any CPU = Debug|Any CPU
		Release|Any CPU = Release|Any CPU
	EndGlobalSection
	GlobalSection(ProjectConfigurationPlatforms) = postSolution
		{08893FB6-2F73-45F9-A927-A14C43298E01}.Debug|Any CPU.ActiveCfg = Debug|Any CPU
		{08893FB6-2F73-45F9-A927-A14C43298E01}.Debug|Any CPU.Build.0 = Debug|Any CPU
		{08893FB6-2F73-45F9-A927-A14C43298E01}.Release|Any CPU.ActiveCfg = Release|Any CPU
		{08893FB6-2F73-45F9-A927-A14C43298E01}.Release|Any CPU.Build.0 = Release|Any CPU
	EndGlobalSection
	GlobalSection(SolutionProperties) = preSolution
		HideSolutionNode = FALSE
	EndGlobalSection
	GlobalSection(ExtensibilityGlobals) = postSolution
		SolutionGuid = {FDF85336-65E9-4CBF-994C-50F5D6A969E3}
	EndGlobalSection
EndGlobal
